// !$*UTF8*$!
{
	archiveVersion = 1;
	classes = {
	};
	objectVersion = 56;
	objects = {

/* Begin PBXBuildFile section */
		C87BD33F2C1D406A005513A6 /* AppDelegate.m in Sources */ = {isa = PBXBuildFile; fileRef = C87BD33E2C1D406A005513A6 /* AppDelegate.m */; };
		C87BD3422C1D406A005513A6 /* SceneDelegate.m in Sources */ = {isa = PBXBuildFile; fileRef = C87BD3412C1D406A005513A6 /* SceneDelegate.m */; };
		C87BD3452C1D406A005513A6 /* ViewController.m in Sources */ = {isa = PBXBuildFile; fileRef = C87BD3442C1D406A005513A6 /* ViewController.m */; };
		C87BD3482C1D406A005513A6 /* Base in Resources */ = {isa = PBXBuildFile; fileRef = C87BD3472C1D406A005513A6 /* Base */; };
		C87BD34A2C1D406D005513A6 /* Assets.xcassets in Resources */ = {isa = PBXBuildFile; fileRef = C87BD3492C1D406D005513A6 /* Assets.xcassets */; };
		C87BD34D2C1D406D005513A6 /* Base in Resources */ = {isa = PBXBuildFile; fileRef = C87BD34C2C1D406D005513A6 /* Base */; };
		C87BD3502C1D406D005513A6 /* main.m in Sources */ = {isa = PBXBuildFile; fileRef = C87BD34F2C1D406D005513A6 /* main.m */; };
		C8A500762C2AFB4F00A93053 /* TYHitTestViewController.m in Sources */ = {isa = PBXBuildFile; fileRef = C8A500742C2AFB4F00A93053 /* TYHitTestViewController.m */; };
		C8A500842C2B06E800A93053 /* TYPImageEraseViewController.m in Sources */ = {isa = PBXBuildFile; fileRef = C8A500822C2B06E800A93053 /* TYPImageEraseViewController.m */; };
		C8A5FD552C293E5B00A93053 /* TYLifecycleViewController.m in Sources */ = {isa = PBXBuildFile; fileRef = C8A5FD422C293E5B00A93053 /* TYLifecycleViewController.m */; };
		C8A5FD562C293E5B00A93053 /* GestureView.m in Sources */ = {isa = PBXBuildFile; fileRef = C8A5FD452C293E5B00A93053 /* GestureView.m */; };
		C8A5FD572C293E5B00A93053 /* NineGridGestureViewController.m in Sources */ = {isa = PBXBuildFile; fileRef = C8A5FD472C293E5B00A93053 /* NineGridGestureViewController.m */; };
		C8A5FD582C293E5B00A93053 /* PanGestureFollowingViewController.m in Sources */ = {isa = PBXBuildFile; fileRef = C8A5FD4A2C293E5B00A93053 /* PanGestureFollowingViewController.m */; };
		C8A5FD592C293E5B00A93053 /* RedView.m in Sources */ = {isa = PBXBuildFile; fileRef = C8A5FD4C2C293E5B00A93053 /* RedView.m */; };
		C8A5FD5A2C293E5B00A93053 /* TYPRegisterManager.m in Sources */ = {isa = PBXBuildFile; fileRef = C8A5FD4F2C293E5B00A93053 /* TYPRegisterManager.m */; };
		C8A5FD5B2C293E5B00A93053 /* TestViewController.m in Sources */ = {isa = PBXBuildFile; fileRef = C8A5FD522C293E5B00A93053 /* TestViewController.m */; };
		D62545CC7541C8AFFEC3914C /* Pods_TYPalyground.framework in Frameworks */ = {isa = PBXBuildFile; fileRef = 7975D1713977B4AAF55FD1B4 /* Pods_TYPalyground.framework */; };
/* End PBXBuildFile section */

/* Begin PBXFileReference section */
		100D5A913A625A78212A8CC7 /* Pods-TYPalyground.debug.xcconfig */ = {isa = PBXFileReference; includeInIndex = 1; lastKnownFileType = text.xcconfig; name = "Pods-TYPalyground.debug.xcconfig"; path = "Target Support Files/Pods-TYPalyground/Pods-TYPalyground.debug.xcconfig"; sourceTree = "<group>"; };
		527B49BDCF2279F631B7D309 /* Pods-TYPalyground.release.xcconfig */ = {isa = PBXFileReference; includeInIndex = 1; lastKnownFileType = text.xcconfig; name = "Pods-TYPalyground.release.xcconfig"; path = "Target Support Files/Pods-TYPalyground/Pods-TYPalyground.release.xcconfig"; sourceTree = "<group>"; };
		7975D1713977B4AAF55FD1B4 /* Pods_TYPalyground.framework */ = {isa = PBXFileReference; explicitFileType = wrapper.framework; includeInIndex = 0; path = Pods_TYPalyground.framework; sourceTree = BUILT_PRODUCTS_DIR; };
		C87BD33A2C1D406A005513A6 /* TYPalyground.app */ = {isa = PBXFileReference; explicitFileType = wrapper.application; includeInIndex = 0; path = TYPalyground.app; sourceTree = BUILT_PRODUCTS_DIR; };
		C87BD33D2C1D406A005513A6 /* AppDelegate.h */ = {isa = PBXFileReference; lastKnownFileType = sourcecode.c.h; path = AppDelegate.h; sourceTree = "<group>"; };
		C87BD33E2C1D406A005513A6 /* AppDelegate.m */ = {isa = PBXFileReference; lastKnownFileType = sourcecode.c.objc; path = AppDelegate.m; sourceTree = "<group>"; };
		C87BD3402C1D406A005513A6 /* SceneDelegate.h */ = {isa = PBXFileReference; lastKnownFileType = sourcecode.c.h; path = SceneDelegate.h; sourceTree = "<group>"; };
		C87BD3412C1D406A005513A6 /* SceneDelegate.m */ = {isa = PBXFileReference; lastKnownFileType = sourcecode.c.objc; path = SceneDelegate.m; sourceTree = "<group>"; };
		C87BD3432C1D406A005513A6 /* ViewController.h */ = {isa = PBXFileReference; lastKnownFileType = sourcecode.c.h; path = ViewController.h; sourceTree = "<group>"; };
		C87BD3442C1D406A005513A6 /* ViewController.m */ = {isa = PBXFileReference; lastKnownFileType = sourcecode.c.objc; path = ViewController.m; sourceTree = "<group>"; };
		C87BD3472C1D406A005513A6 /* Base */ = {isa = PBXFileReference; lastKnownFileType = file.storyboard; name = Base; path = Base.lproj/Main.storyboard; sourceTree = "<group>"; };
		C87BD3492C1D406D005513A6 /* Assets.xcassets */ = {isa = PBXFileReference; lastKnownFileType = folder.assetcatalog; path = Assets.xcassets; sourceTree = "<group>"; };
		C87BD34C2C1D406D005513A6 /* Base */ = {isa = PBXFileReference; lastKnownFileType = file.storyboard; name = Base; path = Base.lproj/LaunchScreen.storyboard; sourceTree = "<group>"; };
		C87BD34E2C1D406D005513A6 /* Info.plist */ = {isa = PBXFileReference; lastKnownFileType = text.plist.xml; path = Info.plist; sourceTree = "<group>"; };
		C87BD34F2C1D406D005513A6 /* main.m */ = {isa = PBXFileReference; lastKnownFileType = sourcecode.c.objc; path = main.m; sourceTree = "<group>"; };
		C8A500732C2AFB4F00A93053 /* TYHitTestViewController.h */ = {isa = PBXFileReference; fileEncoding = 4; lastKnownFileType = sourcecode.c.h; path = TYHitTestViewController.h; sourceTree = "<group>"; };
		C8A500742C2AFB4F00A93053 /* TYHitTestViewController.m */ = {isa = PBXFileReference; fileEncoding = 4; lastKnownFileType = sourcecode.c.objc; path = TYHitTestViewController.m; sourceTree = "<group>"; };
		C8A500812C2B06E800A93053 /* TYPImageEraseViewController.h */ = {isa = PBXFileReference; fileEncoding = 4; lastKnownFileType = sourcecode.c.h; path = TYPImageEraseViewController.h; sourceTree = "<group>"; };
		C8A500822C2B06E800A93053 /* TYPImageEraseViewController.m */ = {isa = PBXFileReference; fileEncoding = 4; lastKnownFileType = sourcecode.c.objc; path = TYPImageEraseViewController.m; sourceTree = "<group>"; };
		C8A5FD412C293E5B00A93053 /* TYLifecycleViewController.h */ = {isa = PBXFileReference; fileEncoding = 4; lastKnownFileType = sourcecode.c.h; path = TYLifecycleViewController.h; sourceTree = "<group>"; };
		C8A5FD422C293E5B00A93053 /* TYLifecycleViewController.m */ = {isa = PBXFileReference; fileEncoding = 4; lastKnownFileType = sourcecode.c.objc; path = TYLifecycleViewController.m; sourceTree = "<group>"; };
		C8A5FD442C293E5B00A93053 /* GestureView.h */ = {isa = PBXFileReference; fileEncoding = 4; lastKnownFileType = sourcecode.c.h; path = GestureView.h; sourceTree = "<group>"; };
		C8A5FD452C293E5B00A93053 /* GestureView.m */ = {isa = PBXFileReference; fileEncoding = 4; lastKnownFileType = sourcecode.c.objc; path = GestureView.m; sourceTree = "<group>"; };
		C8A5FD462C293E5B00A93053 /* NineGridGestureViewController.h */ = {isa = PBXFileReference; fileEncoding = 4; lastKnownFileType = sourcecode.c.h; path = NineGridGestureViewController.h; sourceTree = "<group>"; };
		C8A5FD472C293E5B00A93053 /* NineGridGestureViewController.m */ = {isa = PBXFileReference; fileEncoding = 4; lastKnownFileType = sourcecode.c.objc; path = NineGridGestureViewController.m; sourceTree = "<group>"; };
		C8A5FD492C293E5B00A93053 /* PanGestureFollowingViewController.h */ = {isa = PBXFileReference; fileEncoding = 4; lastKnownFileType = sourcecode.c.h; path = PanGestureFollowingViewController.h; sourceTree = "<group>"; };
		C8A5FD4A2C293E5B00A93053 /* PanGestureFollowingViewController.m */ = {isa = PBXFileReference; fileEncoding = 4; lastKnownFileType = sourcecode.c.objc; path = PanGestureFollowingViewController.m; sourceTree = "<group>"; };
		C8A5FD4B2C293E5B00A93053 /* RedView.h */ = {isa = PBXFileReference; fileEncoding = 4; lastKnownFileType = sourcecode.c.h; path = RedView.h; sourceTree = "<group>"; };
		C8A5FD4C2C293E5B00A93053 /* RedView.m */ = {isa = PBXFileReference; fileEncoding = 4; lastKnownFileType = sourcecode.c.objc; path = RedView.m; sourceTree = "<group>"; };
		C8A5FD4E2C293E5B00A93053 /* TYPRegisterManager.h */ = {isa = PBXFileReference; fileEncoding = 4; lastKnownFileType = sourcecode.c.h; path = TYPRegisterManager.h; sourceTree = "<group>"; };
		C8A5FD4F2C293E5B00A93053 /* TYPRegisterManager.m */ = {isa = PBXFileReference; fileEncoding = 4; lastKnownFileType = sourcecode.c.objc; path = TYPRegisterManager.m; sourceTree = "<group>"; };
		C8A5FD512C293E5B00A93053 /* TestViewController.h */ = {isa = PBXFileReference; fileEncoding = 4; lastKnownFileType = sourcecode.c.h; path = TestViewController.h; sourceTree = "<group>"; };
		C8A5FD522C293E5B00A93053 /* TestViewController.m */ = {isa = PBXFileReference; fileEncoding = 4; lastKnownFileType = sourcecode.c.objc; path = TestViewController.m; sourceTree = "<group>"; };
/* End PBXFileReference section */

/* Begin PBXFrameworksBuildPhase section */
		C87BD3372C1D406A005513A6 /* Frameworks */ = {
			isa = PBXFrameworksBuildPhase;
			buildActionMask = 2147483647;
			files = (
				D62545CC7541C8AFFEC3914C /* Pods_TYPalyground.framework in Frameworks */,
			);
			runOnlyForDeploymentPostprocessing = 0;
		};
/* End PBXFrameworksBuildPhase section */

/* Begin PBXGroup section */
		6D3E8D8A4A1F1D7129C1B76A /* Pods */ = {
			isa = PBXGroup;
			children = (
				100D5A913A625A78212A8CC7 /* Pods-TYPalyground.debug.xcconfig */,
				527B49BDCF2279F631B7D309 /* Pods-TYPalyground.release.xcconfig */,
			);
			path = Pods;
			sourceTree = "<group>";
		};
		C87BD3312C1D406A005513A6 = {
			isa = PBXGroup;
			children = (
				C8A5FD542C293E5B00A93053 /* Demo */,
				C87BD33C2C1D406A005513A6 /* TYPalyground */,
				C87BD33B2C1D406A005513A6 /* Products */,
				6D3E8D8A4A1F1D7129C1B76A /* Pods */,
				FE53DF851595FD546276C3D5 /* Frameworks */,
			);
			sourceTree = "<group>";
		};
		C87BD33B2C1D406A005513A6 /* Products */ = {
			isa = PBXGroup;
			children = (
				C87BD33A2C1D406A005513A6 /* TYPalyground.app */,
			);
			name = Products;
			sourceTree = "<group>";
		};
		C87BD33C2C1D406A005513A6 /* TYPalyground */ = {
			isa = PBXGroup;
			children = (
				C87BD33D2C1D406A005513A6 /* AppDelegate.h */,
				C87BD33E2C1D406A005513A6 /* AppDelegate.m */,
				C87BD3402C1D406A005513A6 /* SceneDelegate.h */,
				C87BD3412C1D406A005513A6 /* SceneDelegate.m */,
				C87BD3432C1D406A005513A6 /* ViewController.h */,
				C87BD3442C1D406A005513A6 /* ViewController.m */,
				C87BD3462C1D406A005513A6 /* Main.storyboard */,
				C87BD3492C1D406D005513A6 /* Assets.xcassets */,
				C87BD34B2C1D406D005513A6 /* LaunchScreen.storyboard */,
				C87BD34E2C1D406D005513A6 /* Info.plist */,
				C87BD34F2C1D406D005513A6 /* main.m */,
			);
			path = TYPalyground;
			sourceTree = "<group>";
		};
		C8A500752C2AFB4F00A93053 /* hitTest */ = {
			isa = PBXGroup;
			children = (
				C8A500732C2AFB4F00A93053 /* TYHitTestViewController.h */,
				C8A500742C2AFB4F00A93053 /* TYHitTestViewController.m */,
			);
			path = hitTest;
			sourceTree = "<group>";
		};
		C8A500832C2B06E800A93053 /* ImageEarse */ = {
			isa = PBXGroup;
			children = (
				C8A500812C2B06E800A93053 /* TYPImageEraseViewController.h */,
				C8A500822C2B06E800A93053 /* TYPImageEraseViewController.m */,
			);
			path = ImageEarse;
			sourceTree = "<group>";
		};
		C8A5FD432C293E5B00A93053 /* Lifecycle */ = {
			isa = PBXGroup;
			children = (
				C8A5FD412C293E5B00A93053 /* TYLifecycleViewController.h */,
				C8A5FD422C293E5B00A93053 /* TYLifecycleViewController.m */,
			);
			path = Lifecycle;
			sourceTree = "<group>";
		};
		C8A5FD482C293E5B00A93053 /* NineGridGesture */ = {
			isa = PBXGroup;
			children = (
				C8A5FD442C293E5B00A93053 /* GestureView.h */,
				C8A5FD452C293E5B00A93053 /* GestureView.m */,
				C8A5FD462C293E5B00A93053 /* NineGridGestureViewController.h */,
				C8A5FD472C293E5B00A93053 /* NineGridGestureViewController.m */,
			);
			path = NineGridGesture;
			sourceTree = "<group>";
		};
		C8A5FD4D2C293E5B00A93053 /* PanGestureFollowing */ = {
			isa = PBXGroup;
			children = (
				C8A5FD492C293E5B00A93053 /* PanGestureFollowingViewController.h */,
				C8A5FD4A2C293E5B00A93053 /* PanGestureFollowingViewController.m */,
				C8A5FD4B2C293E5B00A93053 /* RedView.h */,
				C8A5FD4C2C293E5B00A93053 /* RedView.m */,
			);
			path = PanGestureFollowing;
			sourceTree = "<group>";
		};
		C8A5FD502C293E5B00A93053 /* Regitster */ = {
			isa = PBXGroup;
			children = (
				C8A5FD4E2C293E5B00A93053 /* TYPRegisterManager.h */,
				C8A5FD4F2C293E5B00A93053 /* TYPRegisterManager.m */,
			);
			path = Regitster;
			sourceTree = "<group>";
		};
		C8A5FD532C293E5B00A93053 /* Test */ = {
			isa = PBXGroup;
			children = (
				C8A5FD512C293E5B00A93053 /* TestViewController.h */,
				C8A5FD522C293E5B00A93053 /* TestViewController.m */,
			);
			path = Test;
			sourceTree = "<group>";
		};
		C8A5FD542C293E5B00A93053 /* Demo */ = {
			isa = PBXGroup;
			children = (
				C8A500832C2B06E800A93053 /* ImageEarse */,
				C8A500752C2AFB4F00A93053 /* hitTest */,
				C8A5FD432C293E5B00A93053 /* Lifecycle */,
				C8A5FD482C293E5B00A93053 /* NineGridGesture */,
				C8A5FD4D2C293E5B00A93053 /* PanGestureFollowing */,
				C8A5FD502C293E5B00A93053 /* Regitster */,
				C8A5FD532C293E5B00A93053 /* Test */,
			);
			name = Demo;
			path = TYPalyground/Demo;
			sourceTree = "<group>";
		};
		FE53DF851595FD546276C3D5 /* Frameworks */ = {
			isa = PBXGroup;
			children = (
				7975D1713977B4AAF55FD1B4 /* Pods_TYPalyground.framework */,
			);
			name = Frameworks;
			sourceTree = "<group>";
		};
/* End PBXGroup section */

/* Begin PBXNativeTarget section */
		C87BD3392C1D406A005513A6 /* TYPalyground */ = {
			isa = PBXNativeTarget;
			buildConfigurationList = C87BD3532C1D406D005513A6 /* Build configuration list for PBXNativeTarget "TYPalyground" */;
			buildPhases = (
				B9162B15FAB5FF69C21138D4 /* [CP] Check Pods Manifest.lock */,
				C87BD3362C1D406A005513A6 /* Sources */,
				C87BD3372C1D406A005513A6 /* Frameworks */,
				C87BD3382C1D406A005513A6 /* Resources */,
				D7E08748750D666DE1380FCD /* [CP] Embed Pods Frameworks */,
			);
			buildRules = (
			);
			dependencies = (
			);
			name = TYPalyground;
			productName = TYPalyground;
			productReference = C87BD33A2C1D406A005513A6 /* TYPalyground.app */;
			productType = "com.apple.product-type.application";
		};
/* End PBXNativeTarget section */

/* Begin PBXProject section */
		C87BD3322C1D406A005513A6 /* Project object */ = {
			isa = PBXProject;
			attributes = {
				BuildIndependentTargetsInParallel = 1;
				LastUpgradeCheck = 1530;
				TargetAttributes = {
					C87BD3392C1D406A005513A6 = {
						CreatedOnToolsVersion = 15.3;
					};
				};
			};
			buildConfigurationList = C87BD3352C1D406A005513A6 /* Build configuration list for PBXProject "TYPalyground" */;
			compatibilityVersion = "Xcode 14.0";
			developmentRegion = en;
			hasScannedForEncodings = 0;
			knownRegions = (
				en,
				Base,
			);
			mainGroup = C87BD3312C1D406A005513A6;
			productRefGroup = C87BD33B2C1D406A005513A6 /* Products */;
			projectDirPath = "";
			projectRoot = "";
			targets = (
				C87BD3392C1D406A005513A6 /* TYPalyground */,
			);
		};
/* End PBXProject section */

/* Begin PBXResourcesBuildPhase section */
		C87BD3382C1D406A005513A6 /* Resources */ = {
			isa = PBXResourcesBuildPhase;
			buildActionMask = 2147483647;
			files = (
				C87BD34A2C1D406D005513A6 /* Assets.xcassets in Resources */,
				C87BD34D2C1D406D005513A6 /* Base in Resources */,
				C87BD3482C1D406A005513A6 /* Base in Resources */,
			);
			runOnlyForDeploymentPostprocessing = 0;
		};
/* End PBXResourcesBuildPhase section */

/* Begin PBXShellScriptBuildPhase section */
		B9162B15FAB5FF69C21138D4 /* [CP] Check Pods Manifest.lock */ = {
			isa = PBXShellScriptBuildPhase;
			buildActionMask = 2147483647;
			files = (
			);
			inputFileListPaths = (
			);
			inputPaths = (
				"${PODS_PODFILE_DIR_PATH}/Podfile.lock",
				"${PODS_ROOT}/Manifest.lock",
			);
			name = "[CP] Check Pods Manifest.lock";
			outputFileListPaths = (
			);
			outputPaths = (
				"$(DERIVED_FILE_DIR)/Pods-TYPalyground-checkManifestLockResult.txt",
			);
			runOnlyForDeploymentPostprocessing = 0;
			shellPath = /bin/sh;
			shellScript = "diff \"${PODS_PODFILE_DIR_PATH}/Podfile.lock\" \"${PODS_ROOT}/Manifest.lock\" > /dev/null\nif [ $? != 0 ] ; then\n    # print error to STDERR\n    echo \"error: The sandbox is not in sync with the Podfile.lock. Run 'pod install' or update your CocoaPods installation.\" >&2\n    exit 1\nfi\n# This output is used by Xcode 'outputs' to avoid re-running this script phase.\necho \"SUCCESS\" > \"${SCRIPT_OUTPUT_FILE_0}\"\n";
			showEnvVarsInLog = 0;
		};
		D7E08748750D666DE1380FCD /* [CP] Embed Pods Frameworks */ = {
			isa = PBXShellScriptBuildPhase;
			buildActionMask = 2147483647;
			files = (
			);
			inputFileListPaths = (
				"${PODS_ROOT}/Target Support Files/Pods-TYPalyground/Pods-TYPalyground-frameworks-${CONFIGURATION}-input-files.xcfilelist",
			);
			name = "[CP] Embed Pods Frameworks";
			outputFileListPaths = (
				"${PODS_ROOT}/Target Support Files/Pods-TYPalyground/Pods-TYPalyground-frameworks-${CONFIGURATION}-output-files.xcfilelist",
			);
			runOnlyForDeploymentPostprocessing = 0;
			shellPath = /bin/sh;
			shellScript = "\"${PODS_ROOT}/Target Support Files/Pods-TYPalyground/Pods-TYPalyground-frameworks.sh\"\n";
			showEnvVarsInLog = 0;
		};
/* End PBXShellScriptBuildPhase section */

/* Begin PBXSourcesBuildPhase section */
		C87BD3362C1D406A005513A6 /* Sources */ = {
			isa = PBXSourcesBuildPhase;
			buildActionMask = 2147483647;
			files = (
				C8A5FD5A2C293E5B00A93053 /* TYPRegisterManager.m in Sources */,
				C8A5FD562C293E5B00A93053 /* GestureView.m in Sources */,
				C8A5FD552C293E5B00A93053 /* TYLifecycleViewController.m in Sources */,
				C87BD3452C1D406A005513A6 /* ViewController.m in Sources */,
				C87BD33F2C1D406A005513A6 /* AppDelegate.m in Sources */,
				C8A5FD582C293E5B00A93053 /* PanGestureFollowingViewController.m in Sources */,
				C87BD3502C1D406D005513A6 /* main.m in Sources */,
				C8A5FD5B2C293E5B00A93053 /* TestViewController.m in Sources */,
				C8A5FD572C293E5B00A93053 /* NineGridGestureViewController.m in Sources */,
				C8A500762C2AFB4F00A93053 /* TYHitTestViewController.m in Sources */,
				C87BD3422C1D406A005513A6 /* SceneDelegate.m in Sources */,
				C8A5FD592C293E5B00A93053 /* RedView.m in Sources */,
				C8A500842C2B06E800A93053 /* TYPImageEraseViewController.m in Sources */,
			);
			runOnlyForDeploymentPostprocessing = 0;
		};
/* End PBXSourcesBuildPhase section */

/* Begin PBXVariantGroup section */
		C87BD3462C1D406A005513A6 /* Main.storyboard */ = {
			isa = PBXVariantGroup;
			children = (
				C87BD3472C1D406A005513A6 /* Base */,
			);
			name = Main.storyboard;
			sourceTree = "<group>";
		};
		C87BD34B2C1D406D005513A6 /* LaunchScreen.storyboard */ = {
			isa = PBXVariantGroup;
			children = (
				C87BD34C2C1D406D005513A6 /* Base */,
			);
			name = LaunchScreen.storyboard;
			sourceTree = "<group>";
		};
/* End PBXVariantGroup section */

/* Begin XCBuildConfiguration section */
		C87BD3512C1D406D005513A6 /* Debug */ = {
			isa = XCBuildConfiguration;
			buildSettings = {
				ALWAYS_SEARCH_USER_PATHS = NO;
				ASSETCATALOG_COMPILER_GENERATE_SWIFT_ASSET_SYMBOL_EXTENSIONS = YES;
				CLANG_ANALYZER_NONNULL = YES;
				CLANG_ANALYZER_NUMBER_OBJECT_CONVERSION = YES_AGGRESSIVE;
				CLANG_CXX_LANGUAGE_STANDARD = "gnu++20";
				CLANG_ENABLE_MODULES = YES;
				CLANG_ENABLE_OBJC_ARC = YES;
				CLANG_ENABLE_OBJC_WEAK = YES;
				CLANG_WARN_BLOCK_CAPTURE_AUTORELEASING = YES;
				CLANG_WARN_BOOL_CONVERSION = YES;
				CLANG_WARN_COMMA = YES;
				CLANG_WARN_CONSTANT_CONVERSION = YES;
				CLANG_WARN_DEPRECATED_OBJC_IMPLEMENTATIONS = YES;
				CLANG_WARN_DIRECT_OBJC_ISA_USAGE = YES_ERROR;
				CLANG_WARN_DOCUMENTATION_COMMENTS = YES;
				CLANG_WARN_EMPTY_BODY = YES;
				CLANG_WARN_ENUM_CONVERSION = YES;
				CLANG_WARN_INFINITE_RECURSION = YES;
				CLANG_WARN_INT_CONVERSION = YES;
				CLANG_WARN_NON_LITERAL_NULL_CONVERSION = YES;
				CLANG_WARN_OBJC_IMPLICIT_RETAIN_SELF = YES;
				CLANG_WARN_OBJC_LITERAL_CONVERSION = YES;
				CLANG_WARN_OBJC_ROOT_CLASS = YES_ERROR;
				CLANG_WARN_QUOTED_INCLUDE_IN_FRAMEWORK_HEADER = YES;
				CLANG_WARN_RANGE_LOOP_ANALYSIS = YES;
				CLANG_WARN_STRICT_PROTOTYPES = YES;
				CLANG_WARN_SUSPICIOUS_MOVE = YES;
				CLANG_WARN_UNGUARDED_AVAILABILITY = YES_AGGRESSIVE;
				CLANG_WARN_UNREACHABLE_CODE = YES;
				CLANG_WARN__DUPLICATE_METHOD_MATCH = YES;
				COPY_PHASE_STRIP = NO;
				DEBUG_INFORMATION_FORMAT = dwarf;
				ENABLE_STRICT_OBJC_MSGSEND = YES;
				ENABLE_TESTABILITY = YES;
				ENABLE_USER_SCRIPT_SANDBOXING = YES;
				GCC_C_LANGUAGE_STANDARD = gnu17;
				GCC_DYNAMIC_NO_PIC = NO;
				GCC_NO_COMMON_BLOCKS = YES;
				GCC_OPTIMIZATION_LEVEL = 0;
				GCC_PREPROCESSOR_DEFINITIONS = (
					"DEBUG=1",
					"$(inherited)",
				);
				GCC_WARN_64_TO_32_BIT_CONVERSION = YES;
				GCC_WARN_ABOUT_RETURN_TYPE = YES_ERROR;
				GCC_WARN_UNDECLARED_SELECTOR = YES;
				GCC_WARN_UNINITIALIZED_AUTOS = YES_AGGRESSIVE;
				GCC_WARN_UNUSED_FUNCTION = YES;
				GCC_WARN_UNUSED_VARIABLE = YES;
				IPHONEOS_DEPLOYMENT_TARGET = 17.4;
				LOCALIZATION_PREFERS_STRING_CATALOGS = YES;
				MTL_ENABLE_DEBUG_INFO = INCLUDE_SOURCE;
				MTL_FAST_MATH = YES;
				ONLY_ACTIVE_ARCH = YES;
				SDKROOT = iphoneos;
			};
			name = Debug;
		};
		C87BD3522C1D406D005513A6 /* Release */ = {
			isa = XCBuildConfiguration;
			buildSettings = {
				ALWAYS_SEARCH_USER_PATHS = NO;
				ASSETCATALOG_COMPILER_GENERATE_SWIFT_ASSET_SYMBOL_EXTENSIONS = YES;
				CLANG_ANALYZER_NONNULL = YES;
				CLANG_ANALYZER_NUMBER_OBJECT_CONVERSION = YES_AGGRESSIVE;
				CLANG_CXX_LANGUAGE_STANDARD = "gnu++20";
				CLANG_ENABLE_MODULES = YES;
				CLANG_ENABLE_OBJC_ARC = YES;
				CLANG_ENABLE_OBJC_WEAK = YES;
				CLANG_WARN_BLOCK_CAPTURE_AUTORELEASING = YES;
				CLANG_WARN_BOOL_CONVERSION = YES;
				CLANG_WARN_COMMA = YES;
				CLANG_WARN_CONSTANT_CONVERSION = YES;
				CLANG_WARN_DEPRECATED_OBJC_IMPLEMENTATIONS = YES;
				CLANG_WARN_DIRECT_OBJC_ISA_USAGE = YES_ERROR;
				CLANG_WARN_DOCUMENTATION_COMMENTS = YES;
				CLANG_WARN_EMPTY_BODY = YES;
				CLANG_WARN_ENUM_CONVERSION = YES;
				CLANG_WARN_INFINITE_RECURSION = YES;
				CLANG_WARN_INT_CONVERSION = YES;
				CLANG_WARN_NON_LITERAL_NULL_CONVERSION = YES;
				CLANG_WARN_OBJC_IMPLICIT_RETAIN_SELF = YES;
				CLANG_WARN_OBJC_LITERAL_CONVERSION = YES;
				CLANG_WARN_OBJC_ROOT_CLASS = YES_ERROR;
				CLANG_WARN_QUOTED_INCLUDE_IN_FRAMEWORK_HEADER = YES;
				CLANG_WARN_RANGE_LOOP_ANALYSIS = YES;
				CLANG_WARN_STRICT_PROTOTYPES = YES;
				CLANG_WARN_SUSPICIOUS_MOVE = YES;
				CLANG_WARN_UNGUARDED_AVAILABILITY = YES_AGGRESSIVE;
				CLANG_WARN_UNREACHABLE_CODE = YES;
				CLANG_WARN__DUPLICATE_METHOD_MATCH = YES;
				COPY_PHASE_STRIP = NO;
				DEBUG_INFORMATION_FORMAT = "dwarf-with-dsym";
				ENABLE_NS_ASSERTIONS = NO;
				ENABLE_STRICT_OBJC_MSGSEND = YES;
				ENABLE_USER_SCRIPT_SANDBOXING = YES;
				GCC_C_LANGUAGE_STANDARD = gnu17;
				GCC_NO_COMMON_BLOCKS = YES;
				GCC_WARN_64_TO_32_BIT_CONVERSION = YES;
				GCC_WARN_ABOUT_RETURN_TYPE = YES_ERROR;
				GCC_WARN_UNDECLARED_SELECTOR = YES;
				GCC_WARN_UNINITIALIZED_AUTOS = YES_AGGRESSIVE;
				GCC_WARN_UNUSED_FUNCTION = YES;
				GCC_WARN_UNUSED_VARIABLE = YES;
				IPHONEOS_DEPLOYMENT_TARGET = 17.4;
				LOCALIZATION_PREFERS_STRING_CATALOGS = YES;
				MTL_ENABLE_DEBUG_INFO = NO;
				MTL_FAST_MATH = YES;
				SDKROOT = iphoneos;
				VALIDATE_PRODUCT = YES;
			};
			name = Release;
		};
		C87BD3542C1D406D005513A6 /* Debug */ = {
			isa = XCBuildConfiguration;
			baseConfigurationReference = 100D5A913A625A78212A8CC7 /* Pods-TYPalyground.debug.xcconfig */;
			buildSettings = {
				ASSETCATALOG_COMPILER_APPICON_NAME = AppIcon;
				ASSETCATALOG_COMPILER_GLOBAL_ACCENT_COLOR_NAME = AccentColor;
				CODE_SIGN_STYLE = Automatic;
				CURRENT_PROJECT_VERSION = 1;
				DEVELOPMENT_TEAM = 8AK3G3A6RA;
				ENABLE_USER_SCRIPT_SANDBOXING = NO;
				GENERATE_INFOPLIST_FILE = YES;
				INFOPLIST_FILE = TYPalyground/Info.plist;
				INFOPLIST_KEY_UIApplicationSupportsIndirectInputEvents = YES;
				INFOPLIST_KEY_UILaunchStoryboardName = LaunchScreen;
				INFOPLIST_KEY_UIMainStoryboardFile = Main;
				INFOPLIST_KEY_UISupportedInterfaceOrientations_iPad = "UIInterfaceOrientationPortrait UIInterfaceOrientationPortraitUpsideDown UIInterfaceOrientationLandscapeLeft UIInterfaceOrientationLandscapeRight";
				INFOPLIST_KEY_UISupportedInterfaceOrientations_iPhone = "UIInterfaceOrientationPortrait UIInterfaceOrientationLandscapeLeft UIInterfaceOrientationLandscapeRight";
				LD_GENERATE_MAP_FILE = YES;
				LD_RUNPATH_SEARCH_PATHS = (
					"$(inherited)",
					"@executable_path/Frameworks",
				);
				MARKETING_VERSION = 1.0;
				PRODUCT_BUNDLE_IDENTIFIER = com.tyy.TYPalyground;
				PRODUCT_NAME = "$(TARGET_NAME)";
				SWIFT_EMIT_LOC_STRINGS = YES;
				TARGETED_DEVICE_FAMILY = "1,2";
				"USER_HEADER_SEARCH_PATHS[arch=*]" = "";
				USE_HEADERMAP = YES;
			};
			name = Debug;
		};
		C87BD3552C1D406D005513A6 /* Release */ = {
			isa = XCBuildConfiguration;
			baseConfigurationReference = 527B49BDCF2279F631B7D309 /* Pods-TYPalyground.release.xcconfig */;
			buildSettings = {
				ASSETCATALOG_COMPILER_APPICON_NAME = AppIcon;
				ASSETCATALOG_COMPILER_GLOBAL_ACCENT_COLOR_NAME = AccentColor;
				CODE_SIGN_STYLE = Automatic;
				CURRENT_PROJECT_VERSION = 1;
				DEVELOPMENT_TEAM = 8AK3G3A6RA;
				ENABLE_USER_SCRIPT_SANDBOXING = NO;
				GENERATE_INFOPLIST_FILE = YES;
				INFOPLIST_FILE = TYPalyground/Info.plist;
				INFOPLIST_KEY_UIApplicationSupportsIndirectInputEvents = YES;
				INFOPLIST_KEY_UILaunchStoryboardName = LaunchScreen;
				INFOPLIST_KEY_UIMainStoryboardFile = Main;
				INFOPLIST_KEY_UISupportedInterfaceOrientations_iPad = "UIInterfaceOrientationPortrait UIInterfaceOrientationPortraitUpsideDown UIInterfaceOrientationLandscapeLeft UIInterfaceOrientationLandscapeRight";
				INFOPLIST_KEY_UISupportedInterfaceOrientations_iPhone = "UIInterfaceOrientationPortrait UIInterfaceOrientationLandscapeLeft UIInterfaceOrientationLandscapeRight";
				LD_GENERATE_MAP_FILE = YES;
				LD_RUNPATH_SEARCH_PATHS = (
					"$(inherited)",
					"@executable_path/Frameworks",
				);
				MARKETING_VERSION = 1.0;
				PRODUCT_BUNDLE_IDENTIFIER = com.tyy.TYPalyground;
				PRODUCT_NAME = "$(TARGET_NAME)";
				SWIFT_EMIT_LOC_STRINGS = YES;
				TARGETED_DEVICE_FAMILY = "1,2";
				USE_HEADERMAP = YES;
			};
			name = Release;
		};
/* End XCBuildConfiguration section */

/* Begin XCConfigurationList section */
		C87BD3352C1D406A005513A6 /* Build configuration list for PBXProject "TYPalyground" */ = {
			isa = XCConfigurationList;
			buildConfigurations = (
				C87BD3512C1D406D005513A6 /* Debug */,
				C87BD3522C1D406D005513A6 /* Release */,
			);
			defaultConfigurationIsVisible = 0;
			defaultConfigurationName = Release;
		};
		C87BD3532C1D406D005513A6 /* Build configuration list for PBXNativeTarget "TYPalyground" */ = {
			isa = XCConfigurationList;
			buildConfigurations = (
				C87BD3542C1D406D005513A6 /* Debug */,
				C87BD3552C1D406D005513A6 /* Release */,
			);
			defaultConfigurationIsVisible = 0;
			defaultConfigurationName = Release;
		};
/* End XCConfigurationList section */
	};
	rootObject = C87BD3322C1D406A005513A6 /* Project object */;
}
